
Microsoft Visual Studio Solution File, Format Version 12.00
# Visual Studio Version 16
VisualStudioVersion = 16.0.29509.3
MinimumVisualStudioVersion = 10.0.40219.1
Project("{9A19103F-16F7-4668-BE54-9A1E7A4F7556}") = "PUCMinasTCC", "PUCMinasTCC\PUCMinasTCC.csproj", "{01FB431B-CB0C-4D00-9E9F-21C1E31FEC4A}"
EndProject
Project("{9A19103F-16F7-4668-BE54-9A1E7A4F7556}") = "PUCMinasTCC.Domain", "PUCMinasTCC.Domain\PUCMinasTCC.Domain.csproj", "{97C9970E-4F0F-4E11-9B74-EA5881DC9862}"
EndProject
Project("{9A19103F-16F7-4668-BE54-9A1E7A4F7556}") = "PUCMinasTCC.IoC", "PUCMinasTCC.IoC\PUCMinasTCC.IoC.csproj", "{E92CBC73-060E-44DB-A11A-7CB577D78900}"
EndProject
Project("{9A19103F-16F7-4668-BE54-9A1E7A4F7556}") = "PUCMinasTCC.Repository", "PUCMinasTCC.Repository\PUCMinasTCC.Repository.csproj", "{65AF3EAA-6645-4DF5-9F9A-BAA3CA82E489}"
EndProject
Project("{9A19103F-16F7-4668-BE54-9A1E7A4F7556}") = "PUCMinasTCC.Facade", "PUCMinasTCC.Facade\PUCMinasTCC.Facade.csproj", "{0E5F88EB-2A25-4F5C-BDE4-204F067FCF1C}"
EndProject
Project("{9A19103F-16F7-4668-BE54-9A1E7A4F7556}") = "PUCMinasTCC.Api", "PUCMinasTCC.Api\PUCMinasTCC.Api.csproj", "{A2065A4D-28C1-4CF2-8450-356D9747F01E}"
EndProject
Project("{9A19103F-16F7-4668-BE54-9A1E7A4F7556}") = "PUCMinasTCC.Util", "PUCMinasTCC.Util\PUCMinasTCC.Util.csproj", "{A3F6B3A1-95DB-4E75-BCE2-C4202AEB339F}"
EndProject
Project("{9A19103F-16F7-4668-BE54-9A1E7A4F7556}") = "PUCMinasTCC.FrameworkDAO", "PUCMinasTCC.FrameworkDAO\PUCMinasTCC.FrameworkDAO.csproj", "{5A3D0330-6E42-4733-B489-D855F96450A7}"
EndProject
Project("{2150E333-8FDC-42A3-9474-1A3956D46DE8}") = "Domain", "Domain", "{A07062A6-D91C-44F9-9AD5-ACA78F65C759}"
EndProject
Project("{2150E333-8FDC-42A3-9474-1A3956D46DE8}") = "Infra", "Infra", "{6FE46674-A79E-4B9B-A3DE-5B1FFC9C3F21}"
EndProject
Project("{2150E333-8FDC-42A3-9474-1A3956D46DE8}") = "Web", "Web", "{F099F792-3181-45B2-97ED-208B569C87B8}"
EndProject
Project("{2150E333-8FDC-42A3-9474-1A3956D46DE8}") = "Facade", "Facade", "{E4F15044-E3E4-450A-B0E7-7FA033588D0F}"
EndProject
Global
	GlobalSection(SolutionConfigurationPlatforms) = preSolution
		Debug|Any CPU = Debug|Any CPU
		Release|Any CPU = Release|Any CPU
	EndGlobalSection
	GlobalSection(ProjectConfigurationPlatforms) = postSolution
		{01FB431B-CB0C-4D00-9E9F-21C1E31FEC4A}.Debug|Any CPU.ActiveCfg = Debug|Any CPU
		{01FB431B-CB0C-4D00-9E9F-21C1E31FEC4A}.Debug|Any CPU.Build.0 = Debug|Any CPU
		{01FB431B-CB0C-4D00-9E9F-21C1E31FEC4A}.Release|Any CPU.ActiveCfg = Release|Any CPU
		{01FB431B-CB0C-4D00-9E9F-21C1E31FEC4A}.Release|Any CPU.Build.0 = Release|Any CPU
		{97C9970E-4F0F-4E11-9B74-EA5881DC9862}.Debug|Any CPU.ActiveCfg = Debug|Any CPU
		{97C9970E-4F0F-4E11-9B74-EA5881DC9862}.Debug|Any CPU.Build.0 = Debug|Any CPU
		{97C9970E-4F0F-4E11-9B74-EA5881DC9862}.Release|Any CPU.ActiveCfg = Release|Any CPU
		{97C9970E-4F0F-4E11-9B74-EA5881DC9862}.Release|Any CPU.Build.0 = Release|Any CPU
		{E92CBC73-060E-44DB-A11A-7CB577D78900}.Debug|Any CPU.ActiveCfg = Debug|Any CPU
		{E92CBC73-060E-44DB-A11A-7CB577D78900}.Debug|Any CPU.Build.0 = Debug|Any CPU
		{E92CBC73-060E-44DB-A11A-7CB577D78900}.Release|Any CPU.ActiveCfg = Release|Any CPU
		{E92CBC73-060E-44DB-A11A-7CB577D78900}.Release|Any CPU.Build.0 = Release|Any CPU
		{65AF3EAA-6645-4DF5-9F9A-BAA3CA82E489}.Debug|Any CPU.ActiveCfg = Debug|Any CPU
		{65AF3EAA-6645-4DF5-9F9A-BAA3CA82E489}.Debug|Any CPU.Build.0 = Debug|Any CPU
		{65AF3EAA-6645-4DF5-9F9A-BAA3CA82E489}.Release|Any CPU.ActiveCfg = Release|Any CPU
		{65AF3EAA-6645-4DF5-9F9A-BAA3CA82E489}.Release|Any CPU.Build.0 = Release|Any CPU
		{0E5F88EB-2A25-4F5C-BDE4-204F067FCF1C}.Debug|Any CPU.ActiveCfg = Debug|Any CPU
		{0E5F88EB-2A25-4F5C-BDE4-204F067FCF1C}.Debug|Any CPU.Build.0 = Debug|Any CPU
		{0E5F88EB-2A25-4F5C-BDE4-204F067FCF1C}.Release|Any CPU.ActiveCfg = Release|Any CPU
		{0E5F88EB-2A25-4F5C-BDE4-204F067FCF1C}.Release|Any CPU.Build.0 = Release|Any CPU
		{A2065A4D-28C1-4CF2-8450-356D9747F01E}.Debug|Any CPU.ActiveCfg = Debug|Any CPU
		{A2065A4D-28C1-4CF2-8450-356D9747F01E}.Debug|Any CPU.Build.0 = Debug|Any CPU
		{A2065A4D-28C1-4CF2-8450-356D9747F01E}.Release|Any CPU.ActiveCfg = Release|Any CPU
		{A2065A4D-28C1-4CF2-8450-356D9747F01E}.Release|Any CPU.Build.0 = Release|Any CPU
		{A3F6B3A1-95DB-4E75-BCE2-C4202AEB339F}.Debug|Any CPU.ActiveCfg = Debug|Any CPU
		{A3F6B3A1-95DB-4E75-BCE2-C4202AEB339F}.Debug|Any CPU.Build.0 = Debug|Any CPU
		{A3F6B3A1-95DB-4E75-BCE2-C4202AEB339F}.Release|Any CPU.ActiveCfg = Release|Any CPU
		{A3F6B3A1-95DB-4E75-BCE2-C4202AEB339F}.Release|Any CPU.Build.0 = Release|Any CPU
		{5A3D0330-6E42-4733-B489-D855F96450A7}.Debug|Any CPU.ActiveCfg = Debug|Any CPU
		{5A3D0330-6E42-4733-B489-D855F96450A7}.Debug|Any CPU.Build.0 = Debug|Any CPU
		{5A3D0330-6E42-4733-B489-D855F96450A7}.Release|Any CPU.ActiveCfg = Release|Any CPU
		{5A3D0330-6E42-4733-B489-D855F96450A7}.Release|Any CPU.Build.0 = Release|Any CPU
	EndGlobalSection
	GlobalSection(SolutionProperties) = preSolution
		HideSolutionNode = FALSE
	EndGlobalSection
	GlobalSection(NestedProjects) = preSolution
		{01FB431B-CB0C-4D00-9E9F-21C1E31FEC4A} = {F099F792-3181-45B2-97ED-208B569C87B8}
		{97C9970E-4F0F-4E11-9B74-EA5881DC9862} = {A07062A6-D91C-44F9-9AD5-ACA78F65C759}
		{E92CBC73-060E-44DB-A11A-7CB577D78900} = {6FE46674-A79E-4B9B-A3DE-5B1FFC9C3F21}
		{65AF3EAA-6645-4DF5-9F9A-BAA3CA82E489} = {6FE46674-A79E-4B9B-A3DE-5B1FFC9C3F21}
		{0E5F88EB-2A25-4F5C-BDE4-204F067FCF1C} = {E4F15044-E3E4-450A-B0E7-7FA033588D0F}
		{A2065A4D-28C1-4CF2-8450-356D9747F01E} = {F099F792-3181-45B2-97ED-208B569C87B8}
		{A3F6B3A1-95DB-4E75-BCE2-C4202AEB339F} = {6FE46674-A79E-4B9B-A3DE-5B1FFC9C3F21}
		{5A3D0330-6E42-4733-B489-D855F96450A7} = {6FE46674-A79E-4B9B-A3DE-5B1FFC9C3F21}
	EndGlobalSection
	GlobalSection(ExtensibilityGlobals) = postSolution
		SolutionGuid = {6303CBD0-DA11-4E90-BE07-A797E2DEC0A2}
	EndGlobalSection
EndGlobal
